
Microsoft Visual Studio Solution File, Format Version 12.00
# Visual Studio 15
Project("{FAE04EC0-301F-11D3-BF4B-00C04F79EFBC}") = "Algo_DS", "Algo_DS\Algo_DS.csproj", "{F1AEFF57-41EF-4560-9576-CBE439BDCE1D}"
EndProject
Global
	GlobalSection(SolutionConfigurationPlatforms) = preSolution
		Debug|Any CPU = Debug|Any CPU
		Release|Any CPU = Release|Any CPU
	EndGlobalSection
	GlobalSection(ProjectConfigurationPlatforms) = postSolution
		{F1AEFF57-41EF-4560-9576-CBE439BDCE1D}.Debug|Any CPU.ActiveCfg = Debug|Any CPU
		{F1AEFF57-41EF-4560-9576-CBE439BDCE1D}.Debug|Any CPU.Build.0 = Debug|Any CPU
		{F1AEFF57-41EF-4560-9576-CBE439BDCE1D}.Release|Any CPU.ActiveCfg = Release|Any CPU
		{F1AEFF57-41EF-4560-9576-CBE439BDCE1D}.Release|Any CPU.Build.0 = Release|Any CPU
	EndGlobalSection
EndGlobal
